// !$*UTF8*$!
{
	archiveVersion = 1;
	classes = {
	};
	objectVersion = 50;
	objects = {

/* Begin PBXBuildFile section */
		42622E0422156C020076847F /* WebviewImageCapturer.swift in Sources */ = {isa = PBXBuildFile; fileRef = 42622E0322156C020076847F /* WebviewImageCapturer.swift */; };
		42622E0522156C020076847F /* WebviewImageCapturer.swift in Sources */ = {isa = PBXBuildFile; fileRef = 42622E0322156C020076847F /* WebviewImageCapturer.swift */; };
		4279EA0A210442AA0039046E /* GameScene.swift in Sources */ = {isa = PBXBuildFile; fileRef = 42DEAABA2104294D00A16AC4 /* GameScene.swift */; };
		4279EA0B210442AA0039046E /* GameViewController.swift in Sources */ = {isa = PBXBuildFile; fileRef = 42DEAABC2104294D00A16AC4 /* GameViewController.swift */; };
		4279EA0C210442AA0039046E /* AppDelegate.swift in Sources */ = {isa = PBXBuildFile; fileRef = 42DEAAB42104294D00A16AC4 /* AppDelegate.swift */; };
		4279EA0F210442AA0039046E /* Main.storyboard in Resources */ = {isa = PBXBuildFile; fileRef = 42DEAABE2104294D00A16AC4 /* Main.storyboard */; };
		4279EA10210442AA0039046E /* GameScene.sks in Resources */ = {isa = PBXBuildFile; fileRef = 42DEAAB62104294D00A16AC4 /* GameScene.sks */; };
		4279EA11210442AA0039046E /* Assets.xcassets in Resources */ = {isa = PBXBuildFile; fileRef = 42DEAAC12104295200A16AC4 /* Assets.xcassets */; };
		4279EA12210442AA0039046E /* LaunchScreen.storyboard in Resources */ = {isa = PBXBuildFile; fileRef = 42DEAAC32104295200A16AC4 /* LaunchScreen.storyboard */; };
		4279EA13210442AA0039046E /* Actions.sks in Resources */ = {isa = PBXBuildFile; fileRef = 42DEAAB82104294D00A16AC4 /* Actions.sks */; };
		42DEAAB52104294D00A16AC4 /* AppDelegate.swift in Sources */ = {isa = PBXBuildFile; fileRef = 42DEAAB42104294D00A16AC4 /* AppDelegate.swift */; };
		42DEAAB72104294D00A16AC4 /* GameScene.sks in Resources */ = {isa = PBXBuildFile; fileRef = 42DEAAB62104294D00A16AC4 /* GameScene.sks */; };
		42DEAAB92104294D00A16AC4 /* Actions.sks in Resources */ = {isa = PBXBuildFile; fileRef = 42DEAAB82104294D00A16AC4 /* Actions.sks */; };
		42DEAABB2104294D00A16AC4 /* GameScene.swift in Sources */ = {isa = PBXBuildFile; fileRef = 42DEAABA2104294D00A16AC4 /* GameScene.swift */; };
		42DEAABD2104294D00A16AC4 /* GameViewController.swift in Sources */ = {isa = PBXBuildFile; fileRef = 42DEAABC2104294D00A16AC4 /* GameViewController.swift */; };
		42DEAAC02104294D00A16AC4 /* Main.storyboard in Resources */ = {isa = PBXBuildFile; fileRef = 42DEAABE2104294D00A16AC4 /* Main.storyboard */; };
		42DEAAC22104295200A16AC4 /* Assets.xcassets in Resources */ = {isa = PBXBuildFile; fileRef = 42DEAAC12104295200A16AC4 /* Assets.xcassets */; };
		42DEAAC52104295200A16AC4 /* LaunchScreen.storyboard in Resources */ = {isa = PBXBuildFile; fileRef = 42DEAAC32104295200A16AC4 /* LaunchScreen.storyboard */; };
/* End PBXBuildFile section */

/* Begin PBXFileReference section */
		42622E0322156C020076847F /* WebviewImageCapturer.swift */ = {isa = PBXFileReference; lastKnownFileType = sourcecode.swift; path = WebviewImageCapturer.swift; sourceTree = "<group>"; };
		4279EA17210442AA0039046E /* StyledTextOverSKOld9.app */ = {isa = PBXFileReference; explicitFileType = wrapper.application; includeInIndex = 0; path = StyledTextOverSKOld9.app; sourceTree = BUILT_PRODUCTS_DIR; };
		4279EA18210442AA0039046E /* StyledTextOverSK copy-Info.plist */ = {isa = PBXFileReference; lastKnownFileType = text.plist.xml; name = "StyledTextOverSK copy-Info.plist"; path = "/Users/andydent/dev/openSourceDev/SpriteKittenly/StyledTextOverSK/StyledTextOverSK copy-Info.plist"; sourceTree = "<absolute>"; };
		42DEAAB12104294D00A16AC4 /* StyledTextOverSK.app */ = {isa = PBXFileReference; explicitFileType = wrapper.application; includeInIndex = 0; path = StyledTextOverSK.app; sourceTree = BUILT_PRODUCTS_DIR; };
		42DEAAB42104294D00A16AC4 /* AppDelegate.swift */ = {isa = PBXFileReference; lastKnownFileType = sourcecode.swift; path = AppDelegate.swift; sourceTree = "<group>"; };
		42DEAAB62104294D00A16AC4 /* GameScene.sks */ = {isa = PBXFileReference; lastKnownFileType = file.sks; path = GameScene.sks; sourceTree = "<group>"; };
		42DEAAB82104294D00A16AC4 /* Actions.sks */ = {isa = PBXFileReference; lastKnownFileType = file.sks; path = Actions.sks; sourceTree = "<group>"; };
		42DEAABA2104294D00A16AC4 /* GameScene.swift */ = {isa = PBXFileReference; lastKnownFileType = sourcecode.swift; path = GameScene.swift; sourceTree = "<group>"; };
		42DEAABC2104294D00A16AC4 /* GameViewController.swift */ = {isa = PBXFileReference; lastKnownFileType = sourcecode.swift; path = GameViewController.swift; sourceTree = "<group>"; };
		42DEAABF2104294D00A16AC4 /* Base */ = {isa = PBXFileReference; lastKnownFileType = file.storyboard; name = Base; path = Base.lproj/Main.storyboard; sourceTree = "<group>"; };
		42DEAAC12104295200A16AC4 /* Assets.xcassets */ = {isa = PBXFileReference; lastKnownFileType = folder.assetcatalog; path = Assets.xcassets; sourceTree = "<group>"; };
		42DEAAC42104295200A16AC4 /* Base */ = {isa = PBXFileReference; lastKnownFileType = file.storyboard; name = Base; path = Base.lproj/LaunchScreen.storyboard; sourceTree = "<group>"; };
		42DEAAC62104295200A16AC4 /* Info.plist */ = {isa = PBXFileReference; lastKnownFileType = text.plist.xml; path = Info.plist; sourceTree = "<group>"; };
/* End PBXFileReference section */

/* Begin PBXFrameworksBuildPhase section */
		4279EA0D210442AA0039046E /* Frameworks */ = {
			isa = PBXFrameworksBuildPhase;
			buildActionMask = 2147483647;
			files = (
			);
			runOnlyForDeploymentPostprocessing = 0;
		};
		42DEAAAE2104294D00A16AC4 /* Frameworks */ = {
			isa = PBXFrameworksBuildPhase;
			buildActionMask = 2147483647;
			files = (
			);
			runOnlyForDeploymentPostprocessing = 0;
		};
/* End PBXFrameworksBuildPhase section */

/* Begin PBXGroup section */
		42DEAAA82104294D00A16AC4 = {
			isa = PBXGroup;
			children = (
				42DEAAB32104294D00A16AC4 /* StyledTextOverSK */,
				42DEAAB22104294D00A16AC4 /* Products */,
				4279EA18210442AA0039046E /* StyledTextOverSK copy-Info.plist */,
			);
			sourceTree = "<group>";
		};
		42DEAAB22104294D00A16AC4 /* Products */ = {
			isa = PBXGroup;
			children = (
				42DEAAB12104294D00A16AC4 /* StyledTextOverSK.app */,
				4279EA17210442AA0039046E /* StyledTextOverSKOld9.app */,
			);
			name = Products;
			sourceTree = "<group>";
		};
		42DEAAB32104294D00A16AC4 /* StyledTextOverSK */ = {
			isa = PBXGroup;
			children = (
				42DEAAB42104294D00A16AC4 /* AppDelegate.swift */,
				42DEAAB62104294D00A16AC4 /* GameScene.sks */,
				42DEAAB82104294D00A16AC4 /* Actions.sks */,
				42DEAABA2104294D00A16AC4 /* GameScene.swift */,
				42DEAABC2104294D00A16AC4 /* GameViewController.swift */,
				42DEAABE2104294D00A16AC4 /* Main.storyboard */,
				42DEAAC12104295200A16AC4 /* Assets.xcassets */,
				42DEAAC32104295200A16AC4 /* LaunchScreen.storyboard */,
				42DEAAC62104295200A16AC4 /* Info.plist */,
				42622E0322156C020076847F /* WebviewImageCapturer.swift */,
			);
			path = StyledTextOverSK;
			sourceTree = "<group>";
		};
/* End PBXGroup section */

/* Begin PBXNativeTarget section */
		4279EA08210442AA0039046E /* StyledTextOverSKOld9 */ = {
			isa = PBXNativeTarget;
			buildConfigurationList = 4279EA14210442AA0039046E /* Build configuration list for PBXNativeTarget "StyledTextOverSKOld9" */;
			buildPhases = (
				4279EA09210442AA0039046E /* Sources */,
				4279EA0D210442AA0039046E /* Frameworks */,
				4279EA0E210442AA0039046E /* Resources */,
			);
			buildRules = (
			);
			dependencies = (
			);
			name = StyledTextOverSKOld9;
			productName = StyledTextOverSK;
			productReference = 4279EA17210442AA0039046E /* StyledTextOverSKOld9.app */;
			productType = "com.apple.product-type.application";
		};
		42DEAAB02104294D00A16AC4 /* StyledTextOverSK */ = {
			isa = PBXNativeTarget;
			buildConfigurationList = 42DEAAC92104295200A16AC4 /* Build configuration list for PBXNativeTarget "StyledTextOverSK" */;
			buildPhases = (
				42DEAAAD2104294D00A16AC4 /* Sources */,
				42DEAAAE2104294D00A16AC4 /* Frameworks */,
				42DEAAAF2104294D00A16AC4 /* Resources */,
			);
			buildRules = (
			);
			dependencies = (
			);
			name = StyledTextOverSK;
			productName = StyledTextOverSK;
			productReference = 42DEAAB12104294D00A16AC4 /* StyledTextOverSK.app */;
			productType = "com.apple.product-type.application";
		};
/* End PBXNativeTarget section */

/* Begin PBXProject section */
		42DEAAA92104294D00A16AC4 /* Project object */ = {
			isa = PBXProject;
			attributes = {
				LastSwiftUpdateCheck = 0940;
				LastUpgradeCheck = 0940;
				ORGANIZATIONNAME = "Aussie Designed Software Pty Ltd";
				TargetAttributes = {
					42DEAAB02104294D00A16AC4 = {
						CreatedOnToolsVersion = 9.4.1;
					};
				};
			};
			buildConfigurationList = 42DEAAAC2104294D00A16AC4 /* Build configuration list for PBXProject "StyledTextOverSK" */;
			compatibilityVersion = "Xcode 9.3";
			developmentRegion = en;
			hasScannedForEncodings = 0;
			knownRegions = (
				en,
				Base,
			);
			mainGroup = 42DEAAA82104294D00A16AC4;
			productRefGroup = 42DEAAB22104294D00A16AC4 /* Products */;
			projectDirPath = "";
			projectRoot = "";
			targets = (
				42DEAAB02104294D00A16AC4 /* StyledTextOverSK */,
				4279EA08210442AA0039046E /* StyledTextOverSKOld9 */,
			);
		};
/* End PBXProject section */

/* Begin PBXResourcesBuildPhase section */
		4279EA0E210442AA0039046E /* Resources */ = {
			isa = PBXResourcesBuildPhase;
			buildActionMask = 2147483647;
			files = (
				4279EA0F210442AA0039046E /* Main.storyboard in Resources */,
				4279EA10210442AA0039046E /* GameScene.sks in Resources */,
				4279EA11210442AA0039046E /* Assets.xcassets in Resources */,
				4279EA12210442AA0039046E /* LaunchScreen.storyboard in Resources */,
				4279EA13210442AA0039046E /* Actions.sks in Resources */,
			);
			runOnlyForDeploymentPostprocessing = 0;
		};
		42DEAAAF2104294D00A16AC4 /* Resources */ = {
			isa = PBXResourcesBuildPhase;
			buildActionMask = 2147483647;
			files = (
				42DEAAC02104294D00A16AC4 /* Main.storyboard in Resources */,
				42DEAAB72104294D00A16AC4 /* GameScene.sks in Resources */,
				42DEAAC22104295200A16AC4 /* Assets.xcassets in Resources */,
				42DEAAC52104295200A16AC4 /* LaunchScreen.storyboard in Resources */,
				42DEAAB92104294D00A16AC4 /* Actions.sks in Resources */,
			);
			runOnlyForDeploymentPostprocessing = 0;
		};
/* End PBXResourcesBuildPhase section */

/* Begin PBXSourcesBuildPhase section */
		4279EA09210442AA0039046E /* Sources */ = {
			isa = PBXSourcesBuildPhase;
			buildActionMask = 2147483647;
			files = (
				4279EA0A210442AA0039046E /* GameScene.swift in Sources */,
				4279EA0B210442AA0039046E /* GameViewController.swift in Sources */,
				4279EA0C210442AA0039046E /* AppDelegate.swift in Sources */,
				42622E0522156C020076847F /* WebviewImageCapturer.swift in Sources */,
			);
			runOnlyForDeploymentPostprocessing = 0;
		};
		42DEAAAD2104294D00A16AC4 /* Sources */ = {
			isa = PBXSourcesBuildPhase;
			buildActionMask = 2147483647;
			files = (
				42DEAABB2104294D00A16AC4 /* GameScene.swift in Sources */,
				42DEAABD2104294D00A16AC4 /* GameViewController.swift in Sources */,
				42DEAAB52104294D00A16AC4 /* AppDelegate.swift in Sources */,
				42622E0422156C020076847F /* WebviewImageCapturer.swift in Sources */,
			);
			runOnlyForDeploymentPostprocessing = 0;
		};
/* End PBXSourcesBuildPhase section */

/* Begin PBXVariantGroup section */
		42DEAABE2104294D00A16AC4 /* Main.storyboard */ = {
			isa = PBXVariantGroup;
			children = (
				42DEAABF2104294D00A16AC4 /* Base */,
			);
			name = Main.storyboard;
			sourceTree = "<group>";
		};
		42DEAAC32104295200A16AC4 /* LaunchScreen.storyboard */ = {
			isa = PBXVariantGroup;
			children = (
				42DEAAC42104295200A16AC4 /* Base */,
			);
			name = LaunchScreen.storyboard;
			sourceTree = "<group>";
		};
/* End PBXVariantGroup section */

/* Begin XCBuildConfiguration section */
		4279EA15210442AA0039046E /* Debug */ = {
			isa = XCBuildConfiguration;
			buildSettings = {
				ASSETCATALOG_COMPILER_APPICON_NAME = AppIcon;
				CODE_SIGN_STYLE = Automatic;
				DEVELOPMENT_TEAM = 7MXY472HBV;
				INFOPLIST_FILE = "StyledTextOverSK copy-Info.plist";
				IPHONEOS_DEPLOYMENT_TARGET = 9.3;
				LD_RUNPATH_SEARCH_PATHS = (
					"$(inherited)",
					"@executable_path/Frameworks",
				);
				PRODUCT_BUNDLE_IDENTIFIER = com.aussiedesignedsoftware.StyledTextOverSK;
				PRODUCT_NAME = "$(TARGET_NAME)";
				SWIFT_VERSION = 4.0;
				TARGETED_DEVICE_FAMILY = "1,2";
			};
			name = Debug;
		};
		4279EA16210442AA0039046E /* Release */ = {
			isa = XCBuildConfiguration;
			buildSettings = {
				ASSETCATALOG_COMPILER_APPICON_NAME = AppIcon;
				CODE_SIGN_STYLE = Automatic;
				DEVELOPMENT_TEAM = 7MXY472HBV;
				INFOPLIST_FILE = "StyledTextOverSK copy-Info.plist";
				IPHONEOS_DEPLOYMENT_TARGET = 9.3;
				LD_RUNPATH_SEARCH_PATHS = (
					"$(inherited)",
					"@executable_path/Frameworks",
				);
				PRODUCT_BUNDLE_IDENTIFIER = com.aussiedesignedsoftware.StyledTextOverSK;
				PRODUCT_NAME = "$(TARGET_NAME)";
				SWIFT_VERSION = 4.0;
				TARGETED_DEVICE_FAMILY = "1,2";
			};
			name = Release;
		};
		42DEAAC72104295200A16AC4 /* Debug */ = {
			isa = XCBuildConfiguration;
			buildSettings = {
				ALWAYS_SEARCH_USER_PATHS = NO;
				CLANG_ANALYZER_NONNULL = YES;
				CLANG_ANALYZER_NUMBER_OBJECT_CONVERSION = YES_AGGRESSIVE;
				CLANG_CXX_LANGUAGE_STANDARD = "gnu++14";
				CLANG_CXX_LIBRARY = "libc++";
				CLANG_ENABLE_MODULES = YES;
				CLANG_ENABLE_OBJC_ARC = YES;
				CLANG_ENABLE_OBJC_WEAK = YES;
				CLANG_WARN_BLOCK_CAPTURE_AUTORELEASING = YES;
				CLANG_WARN_BOOL_CONVERSION = YES;
				CLANG_WARN_COMMA = YES;
				CLANG_WARN_CONSTANT_CONVERSION = YES;
				CLANG_WARN_DEPRECATED_OBJC_IMPLEMENTATIONS = YES;
				CLANG_WARN_DIRECT_OBJC_ISA_USAGE = YES_ERROR;
				CLANG_WARN_DOCUMENTATION_COMMENTS = YES;
				CLANG_WARN_EMPTY_BODY = YES;
				CLANG_WARN_ENUM_CONVERSION = YES;
				CLANG_WARN_INFINITE_RECURSION = YES;
				CLANG_WARN_INT_CONVERSION = YES;
				CLANG_WARN_NON_LITERAL_NULL_CONVERSION = YES;
				CLANG_WARN_OBJC_IMPLICIT_RETAIN_SELF = YES;
				CLANG_WARN_OBJC_LITERAL_CONVERSION = YES;
				CLANG_WARN_OBJC_ROOT_CLASS = YES_ERROR;
				CLANG_WARN_RANGE_LOOP_ANALYSIS = YES;
				CLANG_WARN_STRICT_PROTOTYPES = YES;
				CLANG_WARN_SUSPICIOUS_MOVE = YES;
				CLANG_WARN_UNGUARDED_AVAILABILITY = YES_AGGRESSIVE;
				CLANG_WARN_UNREACHABLE_CODE = YES;
				CLANG_WARN__DUPLICATE_METHOD_MATCH = YES;
				CODE_SIGN_IDENTITY = "iPhone Developer";
				COPY_PHASE_STRIP = NO;
				DEBUG_INFORMATION_FORMAT = dwarf;
				ENABLE_STRICT_OBJC_MSGSEND = YES;
				ENABLE_TESTABILITY = YES;
				GCC_C_LANGUAGE_STANDARD = gnu11;
				GCC_DYNAMIC_NO_PIC = NO;
				GCC_NO_COMMON_BLOCKS = YES;
				GCC_OPTIMIZATION_LEVEL = 0;
				GCC_PREPROCESSOR_DEFINITIONS = (
					"DEBUG=1",
					"$(inherited)",
				);
				GCC_WARN_64_TO_32_BIT_CONVERSION = YES;
				GCC_WARN_ABOUT_RETURN_TYPE = YES_ERROR;
				GCC_WARN_UNDECLARED_SELECTOR = YES;
				GCC_WARN_UNINITIALIZED_AUTOS = YES_AGGRESSIVE;
				GCC_WARN_UNUSED_FUNCTION = YES;
				GCC_WARN_UNUSED_VARIABLE = YES;
				IPHONEOS_DEPLOYMENT_TARGET = 11.4;
				MTL_ENABLE_DEBUG_INFO = YES;
				ONLY_ACTIVE_ARCH = YES;
				SDKROOT = iphoneos;
				SWIFT_ACTIVE_COMPILATION_CONDITIONS = DEBUG;
				SWIFT_OPTIMIZATION_LEVEL = "-Onone";
			};
			name = Debug;
		};
		42DEAAC82104295200A16AC4 /* Release */ = {
			isa = XCBuildConfiguration;
			buildSettings = {
				ALWAYS_SEARCH_USER_PATHS = NO;
				CLANG_ANALYZER_NONNULL = YES;
				CLANG_ANALYZER_NUMBER_OBJECT_CONVERSION = YES_AGGRESSIVE;
				CLANG_CXX_LANGUAGE_STANDARD = "gnu++14";
				CLANG_CXX_LIBRARY = "libc++";
				CLANG_ENABLE_MODULES = YES;
				CLANG_ENABLE_OBJC_ARC = YES;
				CLANG_ENABLE_OBJC_WEAK = YES;
				CLANG_WARN_BLOCK_CAPTURE_AUTORELEASING = YES;
				CLANG_WARN_BOOL_CONVERSION = YES;
				CLANG_WARN_COMMA = YES;
				CLANG_WARN_CONSTANT_CONVERSION = YES;
				CLANG_WARN_DEPRECATED_OBJC_IMPLEMENTATIONS = YES;
				CLANG_WARN_DIRECT_OBJC_ISA_USAGE = YES_ERROR;
				CLANG_WARN_DOCUMENTATION_COMMENTS = YES;
				CLANG_WARN_EMPTY_BODY = YES;
				CLANG_WARN_ENUM_CONVERSION = YES;
				CLANG_WARN_INFINITE_RECURSION = YES;
				CLANG_WARN_INT_CONVERSION = YES;
				CLANG_WARN_NON_LITERAL_NULL_CONVERSION = YES;
				CLANG_WARN_OBJC_IMPLICIT_RETAIN_SELF = YES;
				CLANG_WARN_OBJC_LITERAL_CONVERSION = YES;
				CLANG_WARN_OBJC_ROOT_CLASS = YES_ERROR;
				CLANG_WARN_RANGE_LOOP_ANALYSIS = YES;
				CLANG_WARN_STRICT_PROTOTYPES = YES;
				CLANG_WARN_SUSPICIOUS_MOVE = YES;
				CLANG_WARN_UNGUARDED_AVAILABILITY = YES_AGGRESSIVE;
				CLANG_WARN_UNREACHABLE_CODE = YES;
				CLANG_WARN__DUPLICATE_METHOD_MATCH = YES;
				CODE_SIGN_IDENTITY = "iPhone Developer";
				COPY_PHASE_STRIP = NO;
				DEBUG_INFORMATION_FORMAT = "dwarf-with-dsym";
				ENABLE_NS_ASSERTIONS = NO;
				ENABLE_STRICT_OBJC_MSGSEND = YES;
				GCC_C_LANGUAGE_STANDARD = gnu11;
				GCC_NO_COMMON_BLOCKS = YES;
				GCC_WARN_64_TO_32_BIT_CONVERSION = YES;
				GCC_WARN_ABOUT_RETURN_TYPE = YES_ERROR;
				GCC_WARN_UNDECLARED_SELECTOR = YES;
				GCC_WARN_UNINITIALIZED_AUTOS = YES_AGGRESSIVE;
				GCC_WARN_UNUSED_FUNCTION = YES;
				GCC_WARN_UNUSED_VARIABLE = YES;
				IPHONEOS_DEPLOYMENT_TARGET = 11.4;
				MTL_ENABLE_DEBUG_INFO = NO;
				SDKROOT = iphoneos;
				SWIFT_COMPILATION_MODE = wholemodule;
				SWIFT_OPTIMIZATION_LEVEL = "-O";
				VALIDATE_PRODUCT = YES;
			};
			name = Release;
		};
		42DEAACA2104295200A16AC4 /* Debug */ = {
			isa = XCBuildConfiguration;
			buildSettings = {
				ASSETCATALOG_COMPILER_APPICON_NAME = AppIcon;
				CODE_SIGN_STYLE = Automatic;
				DEVELOPMENT_TEAM = 7MXY472HBV;
				INFOPLIST_FILE = StyledTextOverSK/Info.plist;
				LD_RUNPATH_SEARCH_PATHS = (
					"$(inherited)",
					"@executable_path/Frameworks",
				);
				PRODUCT_BUNDLE_IDENTIFIER = com.aussiedesignedsoftware.StyledTextOverSK;
				PRODUCT_NAME = "$(TARGET_NAME)";
				SWIFT_VERSION = 4.0;
				TARGETED_DEVICE_FAMILY = "1,2";
			};
			name = Debug;
		};
		42DEAACB2104295200A16AC4 /* Release */ = {
			isa = XCBuildConfiguration;
			buildSettings = {
				ASSETCATALOG_COMPILER_APPICON_NAME = AppIcon;
				CODE_SIGN_STYLE = Automatic;
				DEVELOPMENT_TEAM = 7MXY472HBV;
				INFOPLIST_FILE = StyledTextOverSK/Info.plist;
				LD_RUNPATH_SEARCH_PATHS = (
					"$(inherited)",
					"@executable_path/Frameworks",
				);
				PRODUCT_BUNDLE_IDENTIFIER = com.aussiedesignedsoftware.StyledTextOverSK;
				PRODUCT_NAME = "$(TARGET_NAME)";
				SWIFT_VERSION = 4.0;
				TARGETED_DEVICE_FAMILY = "1,2";
			};
			name = Release;
		};
/* End XCBuildConfiguration section */

/* Begin XCConfigurationList section */
		4279EA14210442AA0039046E /* Build configuration list for PBXNativeTarget "StyledTextOverSKOld9" */ = {
			isa = XCConfigurationList;
			buildConfigurations = (
				4279EA15210442AA0039046E /* Debug */,
				4279EA16210442AA0039046E /* Release */,
			);
			defaultConfigurationIsVisible = 0;
			defaultConfigurationName = Release;
		};
		42DEAAAC2104294D00A16AC4 /* Build configuration list for PBXProject "StyledTextOverSK" */ = {
			isa = XCConfigurationList;
			buildConfigurations = (
				42DEAAC72104295200A16AC4 /* Debug */,
				42DEAAC82104295200A16AC4 /* Release */,
			);
			defaultConfigurationIsVisible = 0;
			defaultConfigurationName = Release;
		};
		42DEAAC92104295200A16AC4 /* Build configuration list for PBXNativeTarget "StyledTextOverSK" */ = {
			isa = XCConfigurationList;
			buildConfigurations = (
				42DEAACA2104295200A16AC4 /* Debug */,
				42DEAACB2104295200A16AC4 /* Release */,
			);
			defaultConfigurationIsVisible = 0;
			defaultConfigurationName = Release;
		};
/* End XCConfigurationList section */
	};
	rootObject = 42DEAAA92104294D00A16AC4 /* Project object */;
}
