// !$*UTF8*$!
{
	archiveVersion = 1;
	classes = {
	};
	objectVersion = 50;
	objects = {

/* Begin PBXBuildFile section */
		42BCF72420B542AC007A54B9 /* AppDelegate.swift in Sources */ = {isa = PBXBuildFile; fileRef = 42BCF72320B542AC007A54B9 /* AppDelegate.swift */; };
		42BCF72620B542AC007A54B9 /* GameViewControllerIOS.swift in Sources */ = {isa = PBXBuildFile; fileRef = 42BCF72520B542AC007A54B9 /* GameViewControllerIOS.swift */; };
		42BCF72920B542AC007A54B9 /* Main.storyboard in Resources */ = {isa = PBXBuildFile; fileRef = 42BCF72720B542AC007A54B9 /* Main.storyboard */; };
		42BCF72C20B542AC007A54B9 /* LaunchScreen.storyboard in Resources */ = {isa = PBXBuildFile; fileRef = 42BCF72A20B542AC007A54B9 /* LaunchScreen.storyboard */; };
		42BCF73520B542AC007A54B9 /* AppDelegate.swift in Sources */ = {isa = PBXBuildFile; fileRef = 42BCF73420B542AC007A54B9 /* AppDelegate.swift */; };
		42BCF73720B542AC007A54B9 /* GameViewControllerMacOS.swift in Sources */ = {isa = PBXBuildFile; fileRef = 42BCF73620B542AC007A54B9 /* GameViewControllerMacOS.swift */; };
		42BCF73A20B542AC007A54B9 /* Main.storyboard in Resources */ = {isa = PBXBuildFile; fileRef = 42BCF73820B542AC007A54B9 /* Main.storyboard */; };
		42BCF74020B542AC007A54B9 /* GameScene2LineNodes.swift in Sources */ = {isa = PBXBuildFile; fileRef = 42BCF71A20B542AA007A54B9 /* GameScene2LineNodes.swift */; };
		42BCF74120B542AC007A54B9 /* GameScene2LineNodes.swift in Sources */ = {isa = PBXBuildFile; fileRef = 42BCF71A20B542AA007A54B9 /* GameScene2LineNodes.swift */; };
		42BCF74220B542AC007A54B9 /* Assets.xcassets in Resources */ = {isa = PBXBuildFile; fileRef = 42BCF71B20B542AC007A54B9 /* Assets.xcassets */; };
		42BCF74320B542AC007A54B9 /* Assets.xcassets in Resources */ = {isa = PBXBuildFile; fileRef = 42BCF71B20B542AC007A54B9 /* Assets.xcassets */; };
		42BDAEEF223EBBDE00B0C5B1 /* ColorIterator.swift in Sources */ = {isa = PBXBuildFile; fileRef = 42BDAEEB223EBBDD00B0C5B1 /* ColorIterator.swift */; };
		42BDAEF0223EBBDE00B0C5B1 /* ColorIterator.swift in Sources */ = {isa = PBXBuildFile; fileRef = 42BDAEEB223EBBDD00B0C5B1 /* ColorIterator.swift */; };
		42BDAEF2223F43BD00B0C5B1 /* ColorProvider.swift in Sources */ = {isa = PBXBuildFile; fileRef = 42BDAEF1223F43BD00B0C5B1 /* ColorProvider.swift */; };
		42BDAEF3223F43BD00B0C5B1 /* ColorProvider.swift in Sources */ = {isa = PBXBuildFile; fileRef = 42BDAEF1223F43BD00B0C5B1 /* ColorProvider.swift */; };
		42BDAEF5223F6BF300B0C5B1 /* Crayon.sks in Resources */ = {isa = PBXBuildFile; fileRef = 42BDAEF4223F6BF300B0C5B1 /* Crayon.sks */; };
		42BDAEF6223F6BF300B0C5B1 /* Crayon.sks in Resources */ = {isa = PBXBuildFile; fileRef = 42BDAEF4223F6BF300B0C5B1 /* Crayon.sks */; };
		42BDAEF8223F99AC00B0C5B1 /* GameSceneParticleCrayon.swift in Sources */ = {isa = PBXBuildFile; fileRef = 42BDAEF7223F99AC00B0C5B1 /* GameSceneParticleCrayon.swift */; };
		42BDAEF9223F99AC00B0C5B1 /* GameSceneParticleCrayon.swift in Sources */ = {isa = PBXBuildFile; fileRef = 42BDAEF7223F99AC00B0C5B1 /* GameSceneParticleCrayon.swift */; };
		C8BC2348DDA508796AB0E120 /* ScribbleHelpers.swift in Sources */ = {isa = PBXBuildFile; fileRef = C8BC28C498BC1845977AECBD /* ScribbleHelpers.swift */; };
		C8BC245A2C2A1723AF275A9D /* GameScenePathRebuilding.swift in Sources */ = {isa = PBXBuildFile; fileRef = C8BC24B1A27F58AADD76D651 /* GameScenePathRebuilding.swift */; };
		C8BC2CBC34889026C1D62D73 /* GameScenePathRebuilding.swift in Sources */ = {isa = PBXBuildFile; fileRef = C8BC24B1A27F58AADD76D651 /* GameScenePathRebuilding.swift */; };
		C8BC2DEE1E3B0C57582549C4 /* ScribbleHelpers.swift in Sources */ = {isa = PBXBuildFile; fileRef = C8BC28C498BC1845977AECBD /* ScribbleHelpers.swift */; };
/* End PBXBuildFile section */

/* Begin PBXFileReference section */
		42BCF71A20B542AA007A54B9 /* GameScene2LineNodes.swift */ = {isa = PBXFileReference; lastKnownFileType = sourcecode.swift; path = GameScene2LineNodes.swift; sourceTree = "<group>"; };
		42BCF71B20B542AC007A54B9 /* Assets.xcassets */ = {isa = PBXFileReference; lastKnownFileType = folder.assetcatalog; path = Assets.xcassets; sourceTree = "<group>"; };
		42BCF72020B542AC007A54B9 /* ShapeScribble.app */ = {isa = PBXFileReference; explicitFileType = wrapper.application; includeInIndex = 0; path = ShapeScribble.app; sourceTree = BUILT_PRODUCTS_DIR; };
		42BCF72320B542AC007A54B9 /* AppDelegate.swift */ = {isa = PBXFileReference; lastKnownFileType = sourcecode.swift; path = AppDelegate.swift; sourceTree = "<group>"; };
		42BCF72520B542AC007A54B9 /* GameViewControllerIOS.swift */ = {isa = PBXFileReference; lastKnownFileType = sourcecode.swift; path = GameViewControllerIOS.swift; sourceTree = "<group>"; };
		42BCF72820B542AC007A54B9 /* Base */ = {isa = PBXFileReference; lastKnownFileType = file.storyboard; name = Base; path = Base.lproj/Main.storyboard; sourceTree = "<group>"; };
		42BCF72B20B542AC007A54B9 /* Base */ = {isa = PBXFileReference; lastKnownFileType = file.storyboard; name = Base; path = Base.lproj/LaunchScreen.storyboard; sourceTree = "<group>"; };
		42BCF72D20B542AC007A54B9 /* Info.plist */ = {isa = PBXFileReference; lastKnownFileType = text.plist.xml; path = Info.plist; sourceTree = "<group>"; };
		42BCF73220B542AC007A54B9 /* ShapeScribble.app */ = {isa = PBXFileReference; explicitFileType = wrapper.application; includeInIndex = 0; path = ShapeScribble.app; sourceTree = BUILT_PRODUCTS_DIR; };
		42BCF73420B542AC007A54B9 /* AppDelegate.swift */ = {isa = PBXFileReference; lastKnownFileType = sourcecode.swift; path = AppDelegate.swift; sourceTree = "<group>"; };
		42BCF73620B542AC007A54B9 /* GameViewControllerMacOS.swift */ = {isa = PBXFileReference; lastKnownFileType = sourcecode.swift; path = GameViewControllerMacOS.swift; sourceTree = "<group>"; };
		42BCF73920B542AC007A54B9 /* Base */ = {isa = PBXFileReference; lastKnownFileType = file.storyboard; name = Base; path = Base.lproj/Main.storyboard; sourceTree = "<group>"; };
		42BCF73B20B542AC007A54B9 /* Info.plist */ = {isa = PBXFileReference; lastKnownFileType = text.plist.xml; path = Info.plist; sourceTree = "<group>"; };
		42BDAEEB223EBBDD00B0C5B1 /* ColorIterator.swift */ = {isa = PBXFileReference; fileEncoding = 4; lastKnownFileType = sourcecode.swift; path = ColorIterator.swift; sourceTree = "<group>"; };
		42BDAEF1223F43BD00B0C5B1 /* ColorProvider.swift */ = {isa = PBXFileReference; lastKnownFileType = sourcecode.swift; path = ColorProvider.swift; sourceTree = "<group>"; };
		42BDAEF4223F6BF300B0C5B1 /* Crayon.sks */ = {isa = PBXFileReference; lastKnownFileType = file.sks; path = Crayon.sks; sourceTree = "<group>"; };
		42BDAEF7223F99AC00B0C5B1 /* GameSceneParticleCrayon.swift */ = {isa = PBXFileReference; fileEncoding = 4; lastKnownFileType = sourcecode.swift; path = GameSceneParticleCrayon.swift; sourceTree = "<group>"; };
		C8BC24B1A27F58AADD76D651 /* GameScenePathRebuilding.swift */ = {isa = PBXFileReference; fileEncoding = 4; lastKnownFileType = sourcecode.swift; path = GameScenePathRebuilding.swift; sourceTree = "<group>"; };
		C8BC28C498BC1845977AECBD /* ScribbleHelpers.swift */ = {isa = PBXFileReference; fileEncoding = 4; lastKnownFileType = sourcecode.swift; path = ScribbleHelpers.swift; sourceTree = "<group>"; };
/* End PBXFileReference section */

/* Begin PBXFrameworksBuildPhase section */
		42BCF71D20B542AC007A54B9 /* Frameworks */ = {
			isa = PBXFrameworksBuildPhase;
			buildActionMask = 2147483647;
			files = (
			);
			runOnlyForDeploymentPostprocessing = 0;
		};
		42BCF72F20B542AC007A54B9 /* Frameworks */ = {
			isa = PBXFrameworksBuildPhase;
			buildActionMask = 2147483647;
			files = (
			);
			runOnlyForDeploymentPostprocessing = 0;
		};
/* End PBXFrameworksBuildPhase section */

/* Begin PBXGroup section */
		42BCF71220B542AA007A54B9 = {
			isa = PBXGroup;
			children = (
				42BCF71720B542AA007A54B9 /* ShapeScribble Shared */,
				42BCF72220B542AC007A54B9 /* ShapeScribble iOS */,
				42BCF73320B542AC007A54B9 /* ShapeScribble macOS */,
				42BCF72120B542AC007A54B9 /* Products */,
			);
			sourceTree = "<group>";
		};
		42BCF71720B542AA007A54B9 /* ShapeScribble Shared */ = {
			isa = PBXGroup;
			children = (
				42BDAEF7223F99AC00B0C5B1 /* GameSceneParticleCrayon.swift */,
				42BDAEEB223EBBDD00B0C5B1 /* ColorIterator.swift */,
				42BCF71A20B542AA007A54B9 /* GameScene2LineNodes.swift */,
				42BCF71B20B542AC007A54B9 /* Assets.xcassets */,
				C8BC24B1A27F58AADD76D651 /* GameScenePathRebuilding.swift */,
				C8BC28C498BC1845977AECBD /* ScribbleHelpers.swift */,
				42BDAEF1223F43BD00B0C5B1 /* ColorProvider.swift */,
				42BDAEF4223F6BF300B0C5B1 /* Crayon.sks */,
			);
			path = "ShapeScribble Shared";
			sourceTree = "<group>";
		};
		42BCF72120B542AC007A54B9 /* Products */ = {
			isa = PBXGroup;
			children = (
				42BCF72020B542AC007A54B9 /* ShapeScribble.app */,
				42BCF73220B542AC007A54B9 /* ShapeScribble.app */,
			);
			name = Products;
			sourceTree = "<group>";
		};
		42BCF72220B542AC007A54B9 /* ShapeScribble iOS */ = {
			isa = PBXGroup;
			children = (
				42BCF72320B542AC007A54B9 /* AppDelegate.swift */,
				42BCF72520B542AC007A54B9 /* GameViewControllerIOS.swift */,
				42BCF72720B542AC007A54B9 /* Main.storyboard */,
				42BCF72A20B542AC007A54B9 /* LaunchScreen.storyboard */,
				42BCF72D20B542AC007A54B9 /* Info.plist */,
			);
			path = "ShapeScribble iOS";
			sourceTree = "<group>";
		};
		42BCF73320B542AC007A54B9 /* ShapeScribble macOS */ = {
			isa = PBXGroup;
			children = (
				42BCF73420B542AC007A54B9 /* AppDelegate.swift */,
				42BCF73620B542AC007A54B9 /* GameViewControllerMacOS.swift */,
				42BCF73820B542AC007A54B9 /* Main.storyboard */,
				42BCF73B20B542AC007A54B9 /* Info.plist */,
			);
			path = "ShapeScribble macOS";
			sourceTree = "<group>";
		};
/* End PBXGroup section */

/* Begin PBXNativeTarget section */
		42BCF71F20B542AC007A54B9 /* ShapeScribble iOS */ = {
			isa = PBXNativeTarget;
			buildConfigurationList = 42BCF74620B542AC007A54B9 /* Build configuration list for PBXNativeTarget "ShapeScribble iOS" */;
			buildPhases = (
				42BCF71C20B542AC007A54B9 /* Sources */,
				42BCF71D20B542AC007A54B9 /* Frameworks */,
				42BCF71E20B542AC007A54B9 /* Resources */,
			);
			buildRules = (
			);
			dependencies = (
			);
			name = "ShapeScribble iOS";
			productName = "ShapeScribble iOS";
			productReference = 42BCF72020B542AC007A54B9 /* ShapeScribble.app */;
			productType = "com.apple.product-type.application";
		};
		42BCF73120B542AC007A54B9 /* ShapeScribble macOS */ = {
			isa = PBXNativeTarget;
			buildConfigurationList = 42BCF74920B542AC007A54B9 /* Build configuration list for PBXNativeTarget "ShapeScribble macOS" */;
			buildPhases = (
				42BCF72E20B542AC007A54B9 /* Sources */,
				42BCF72F20B542AC007A54B9 /* Frameworks */,
				42BCF73020B542AC007A54B9 /* Resources */,
			);
			buildRules = (
			);
			dependencies = (
			);
			name = "ShapeScribble macOS";
			productName = "ShapeScribble macOS";
			productReference = 42BCF73220B542AC007A54B9 /* ShapeScribble.app */;
			productType = "com.apple.product-type.application";
		};
/* End PBXNativeTarget section */

/* Begin PBXProject section */
		42BCF71320B542AA007A54B9 /* Project object */ = {
			isa = PBXProject;
			attributes = {
				LastSwiftUpdateCheck = 0930;
				LastUpgradeCheck = 0930;
				ORGANIZATIONNAME = "Touchgram Pty Ltd";
				TargetAttributes = {
					42BCF71F20B542AC007A54B9 = {
						CreatedOnToolsVersion = 9.3.1;
						LastSwiftMigration = "";
					};
					42BCF73120B542AC007A54B9 = {
						CreatedOnToolsVersion = 9.3.1;
						LastSwiftMigration = 1010;
					};
				};
			};
			buildConfigurationList = 42BCF71620B542AA007A54B9 /* Build configuration list for PBXProject "ShapeScribble" */;
			compatibilityVersion = "Xcode 9.3";
			developmentRegion = en;
			hasScannedForEncodings = 0;
			knownRegions = (
				en,
				Base,
			);
			mainGroup = 42BCF71220B542AA007A54B9;
			productRefGroup = 42BCF72120B542AC007A54B9 /* Products */;
			projectDirPath = "";
			projectRoot = "";
			targets = (
				42BCF71F20B542AC007A54B9 /* ShapeScribble iOS */,
				42BCF73120B542AC007A54B9 /* ShapeScribble macOS */,
			);
		};
/* End PBXProject section */

/* Begin PBXResourcesBuildPhase section */
		42BCF71E20B542AC007A54B9 /* Resources */ = {
			isa = PBXResourcesBuildPhase;
			buildActionMask = 2147483647;
			files = (
				42BCF72920B542AC007A54B9 /* Main.storyboard in Resources */,
				42BDAEF5223F6BF300B0C5B1 /* Crayon.sks in Resources */,
				42BCF72C20B542AC007A54B9 /* LaunchScreen.storyboard in Resources */,
				42BCF74220B542AC007A54B9 /* Assets.xcassets in Resources */,
			);
			runOnlyForDeploymentPostprocessing = 0;
		};
		42BCF73020B542AC007A54B9 /* Resources */ = {
			isa = PBXResourcesBuildPhase;
			buildActionMask = 2147483647;
			files = (
				42BCF73A20B542AC007A54B9 /* Main.storyboard in Resources */,
				42BCF74320B542AC007A54B9 /* Assets.xcassets in Resources */,
				42BDAEF6223F6BF300B0C5B1 /* Crayon.sks in Resources */,
			);
			runOnlyForDeploymentPostprocessing = 0;
		};
/* End PBXResourcesBuildPhase section */

/* Begin PBXSourcesBuildPhase section */
		42BCF71C20B542AC007A54B9 /* Sources */ = {
			isa = PBXSourcesBuildPhase;
			buildActionMask = 2147483647;
			files = (
				42BDAEF8223F99AC00B0C5B1 /* GameSceneParticleCrayon.swift in Sources */,
				42BCF74020B542AC007A54B9 /* GameScene2LineNodes.swift in Sources */,
				42BDAEF2223F43BD00B0C5B1 /* ColorProvider.swift in Sources */,
				42BCF72620B542AC007A54B9 /* GameViewControllerIOS.swift in Sources */,
				42BCF72420B542AC007A54B9 /* AppDelegate.swift in Sources */,
				C8BC2CBC34889026C1D62D73 /* GameScenePathRebuilding.swift in Sources */,
				C8BC2348DDA508796AB0E120 /* ScribbleHelpers.swift in Sources */,
				42BDAEEF223EBBDE00B0C5B1 /* ColorIterator.swift in Sources */,
			);
			runOnlyForDeploymentPostprocessing = 0;
		};
		42BCF72E20B542AC007A54B9 /* Sources */ = {
			isa = PBXSourcesBuildPhase;
			buildActionMask = 2147483647;
			files = (
				42BDAEF9223F99AC00B0C5B1 /* GameSceneParticleCrayon.swift in Sources */,
				42BCF74120B542AC007A54B9 /* GameScene2LineNodes.swift in Sources */,
				42BDAEF3223F43BD00B0C5B1 /* ColorProvider.swift in Sources */,
				42BCF73720B542AC007A54B9 /* GameViewControllerMacOS.swift in Sources */,
				42BCF73520B542AC007A54B9 /* AppDelegate.swift in Sources */,
				C8BC245A2C2A1723AF275A9D /* GameScenePathRebuilding.swift in Sources */,
				C8BC2DEE1E3B0C57582549C4 /* ScribbleHelpers.swift in Sources */,
				42BDAEF0223EBBDE00B0C5B1 /* ColorIterator.swift in Sources */,
			);
			runOnlyForDeploymentPostprocessing = 0;
		};
/* End PBXSourcesBuildPhase section */

/* Begin PBXVariantGroup section */
		42BCF72720B542AC007A54B9 /* Main.storyboard */ = {
			isa = PBXVariantGroup;
			children = (
				42BCF72820B542AC007A54B9 /* Base */,
			);
			name = Main.storyboard;
			sourceTree = "<group>";
		};
		42BCF72A20B542AC007A54B9 /* LaunchScreen.storyboard */ = {
			isa = PBXVariantGroup;
			children = (
				42BCF72B20B542AC007A54B9 /* Base */,
			);
			name = LaunchScreen.storyboard;
			sourceTree = "<group>";
		};
		42BCF73820B542AC007A54B9 /* Main.storyboard */ = {
			isa = PBXVariantGroup;
			children = (
				42BCF73920B542AC007A54B9 /* Base */,
			);
			name = Main.storyboard;
			sourceTree = "<group>";
		};
/* End PBXVariantGroup section */

/* Begin XCBuildConfiguration section */
		42BCF74420B542AC007A54B9 /* Debug */ = {
			isa = XCBuildConfiguration;
			buildSettings = {
				ALWAYS_SEARCH_USER_PATHS = NO;
				CLANG_ANALYZER_NONNULL = YES;
				CLANG_ANALYZER_NUMBER_OBJECT_CONVERSION = YES_AGGRESSIVE;
				CLANG_CXX_LANGUAGE_STANDARD = "gnu++14";
				CLANG_CXX_LIBRARY = "libc++";
				CLANG_ENABLE_MODULES = YES;
				CLANG_ENABLE_OBJC_ARC = YES;
				CLANG_ENABLE_OBJC_WEAK = YES;
				CLANG_WARN_BLOCK_CAPTURE_AUTORELEASING = YES;
				CLANG_WARN_BOOL_CONVERSION = YES;
				CLANG_WARN_COMMA = YES;
				CLANG_WARN_CONSTANT_CONVERSION = YES;
				CLANG_WARN_DEPRECATED_OBJC_IMPLEMENTATIONS = YES;
				CLANG_WARN_DIRECT_OBJC_ISA_USAGE = YES_ERROR;
				CLANG_WARN_DOCUMENTATION_COMMENTS = YES;
				CLANG_WARN_EMPTY_BODY = YES;
				CLANG_WARN_ENUM_CONVERSION = YES;
				CLANG_WARN_INFINITE_RECURSION = YES;
				CLANG_WARN_INT_CONVERSION = YES;
				CLANG_WARN_NON_LITERAL_NULL_CONVERSION = YES;
				CLANG_WARN_OBJC_IMPLICIT_RETAIN_SELF = YES;
				CLANG_WARN_OBJC_LITERAL_CONVERSION = YES;
				CLANG_WARN_OBJC_ROOT_CLASS = YES_ERROR;
				CLANG_WARN_RANGE_LOOP_ANALYSIS = YES;
				CLANG_WARN_STRICT_PROTOTYPES = YES;
				CLANG_WARN_SUSPICIOUS_MOVE = YES;
				CLANG_WARN_UNGUARDED_AVAILABILITY = YES_AGGRESSIVE;
				CLANG_WARN_UNREACHABLE_CODE = YES;
				CLANG_WARN__DUPLICATE_METHOD_MATCH = YES;
				COPY_PHASE_STRIP = NO;
				DEBUG_INFORMATION_FORMAT = dwarf;
				ENABLE_STRICT_OBJC_MSGSEND = YES;
				ENABLE_TESTABILITY = YES;
				GCC_C_LANGUAGE_STANDARD = gnu11;
				GCC_DYNAMIC_NO_PIC = NO;
				GCC_NO_COMMON_BLOCKS = YES;
				GCC_OPTIMIZATION_LEVEL = 0;
				GCC_PREPROCESSOR_DEFINITIONS = (
					"DEBUG=1",
					"$(inherited)",
				);
				GCC_WARN_64_TO_32_BIT_CONVERSION = YES;
				GCC_WARN_ABOUT_RETURN_TYPE = YES_ERROR;
				GCC_WARN_UNDECLARED_SELECTOR = YES;
				GCC_WARN_UNINITIALIZED_AUTOS = YES_AGGRESSIVE;
				GCC_WARN_UNUSED_FUNCTION = YES;
				GCC_WARN_UNUSED_VARIABLE = YES;
				MTL_ENABLE_DEBUG_INFO = YES;
				ONLY_ACTIVE_ARCH = YES;
				SWIFT_ACTIVE_COMPILATION_CONDITIONS = DEBUG;
				SWIFT_OPTIMIZATION_LEVEL = "-Onone";
			};
			name = Debug;
		};
		42BCF74520B542AC007A54B9 /* Release */ = {
			isa = XCBuildConfiguration;
			buildSettings = {
				ALWAYS_SEARCH_USER_PATHS = NO;
				CLANG_ANALYZER_NONNULL = YES;
				CLANG_ANALYZER_NUMBER_OBJECT_CONVERSION = YES_AGGRESSIVE;
				CLANG_CXX_LANGUAGE_STANDARD = "gnu++14";
				CLANG_CXX_LIBRARY = "libc++";
				CLANG_ENABLE_MODULES = YES;
				CLANG_ENABLE_OBJC_ARC = YES;
				CLANG_ENABLE_OBJC_WEAK = YES;
				CLANG_WARN_BLOCK_CAPTURE_AUTORELEASING = YES;
				CLANG_WARN_BOOL_CONVERSION = YES;
				CLANG_WARN_COMMA = YES;
				CLANG_WARN_CONSTANT_CONVERSION = YES;
				CLANG_WARN_DEPRECATED_OBJC_IMPLEMENTATIONS = YES;
				CLANG_WARN_DIRECT_OBJC_ISA_USAGE = YES_ERROR;
				CLANG_WARN_DOCUMENTATION_COMMENTS = YES;
				CLANG_WARN_EMPTY_BODY = YES;
				CLANG_WARN_ENUM_CONVERSION = YES;
				CLANG_WARN_INFINITE_RECURSION = YES;
				CLANG_WARN_INT_CONVERSION = YES;
				CLANG_WARN_NON_LITERAL_NULL_CONVERSION = YES;
				CLANG_WARN_OBJC_IMPLICIT_RETAIN_SELF = YES;
				CLANG_WARN_OBJC_LITERAL_CONVERSION = YES;
				CLANG_WARN_OBJC_ROOT_CLASS = YES_ERROR;
				CLANG_WARN_RANGE_LOOP_ANALYSIS = YES;
				CLANG_WARN_STRICT_PROTOTYPES = YES;
				CLANG_WARN_SUSPICIOUS_MOVE = YES;
				CLANG_WARN_UNGUARDED_AVAILABILITY = YES_AGGRESSIVE;
				CLANG_WARN_UNREACHABLE_CODE = YES;
				CLANG_WARN__DUPLICATE_METHOD_MATCH = YES;
				COPY_PHASE_STRIP = NO;
				DEBUG_INFORMATION_FORMAT = "dwarf-with-dsym";
				ENABLE_NS_ASSERTIONS = NO;
				ENABLE_STRICT_OBJC_MSGSEND = YES;
				GCC_C_LANGUAGE_STANDARD = gnu11;
				GCC_NO_COMMON_BLOCKS = YES;
				GCC_WARN_64_TO_32_BIT_CONVERSION = YES;
				GCC_WARN_ABOUT_RETURN_TYPE = YES_ERROR;
				GCC_WARN_UNDECLARED_SELECTOR = YES;
				GCC_WARN_UNINITIALIZED_AUTOS = YES_AGGRESSIVE;
				GCC_WARN_UNUSED_FUNCTION = YES;
				GCC_WARN_UNUSED_VARIABLE = YES;
				MTL_ENABLE_DEBUG_INFO = NO;
				SWIFT_COMPILATION_MODE = wholemodule;
				SWIFT_OPTIMIZATION_LEVEL = "-O";
			};
			name = Release;
		};
		42BCF74720B542AC007A54B9 /* Debug */ = {
			isa = XCBuildConfiguration;
			buildSettings = {
				ASSETCATALOG_COMPILER_APPICON_NAME = AppIcon;
				CODE_SIGN_IDENTITY = "iPhone Developer";
				CODE_SIGN_STYLE = Automatic;
				DEVELOPMENT_TEAM = 534LVXBU55;
				INFOPLIST_FILE = "ShapeScribble iOS/Info.plist";
				IPHONEOS_DEPLOYMENT_TARGET = 12.1;
				LD_RUNPATH_SEARCH_PATHS = (
					"$(inherited)",
					"@executable_path/Frameworks",
				);
				PRODUCT_BUNDLE_IDENTIFIER = com.touchgram.ShapeScribble;
				PRODUCT_NAME = ShapeScribble;
				SDKROOT = iphoneos;
				SWIFT_VERSION = 4.2;
				TARGETED_DEVICE_FAMILY = "1,2";
			};
			name = Debug;
		};
		42BCF74820B542AC007A54B9 /* Release */ = {
			isa = XCBuildConfiguration;
			buildSettings = {
				ASSETCATALOG_COMPILER_APPICON_NAME = AppIcon;
				CODE_SIGN_IDENTITY = "iPhone Developer";
				CODE_SIGN_STYLE = Automatic;
				DEVELOPMENT_TEAM = 534LVXBU55;
				INFOPLIST_FILE = "ShapeScribble iOS/Info.plist";
				IPHONEOS_DEPLOYMENT_TARGET = 12.1;
				LD_RUNPATH_SEARCH_PATHS = (
					"$(inherited)",
					"@executable_path/Frameworks",
				);
				PRODUCT_BUNDLE_IDENTIFIER = com.touchgram.ShapeScribble;
				PRODUCT_NAME = ShapeScribble;
				SDKROOT = iphoneos;
				SWIFT_VERSION = 4.2;
				TARGETED_DEVICE_FAMILY = "1,2";
				VALIDATE_PRODUCT = YES;
			};
			name = Release;
		};
		42BCF74A20B542AC007A54B9 /* Debug */ = {
			isa = XCBuildConfiguration;
			buildSettings = {
				ASSETCATALOG_COMPILER_APPICON_NAME = AppIcon;
				CODE_SIGN_IDENTITY = "-";
				CODE_SIGN_STYLE = Automatic;
				COMBINE_HIDPI_IMAGES = YES;
				DEVELOPMENT_TEAM = 534LVXBU55;
				INFOPLIST_FILE = "ShapeScribble macOS/Info.plist";
				LD_RUNPATH_SEARCH_PATHS = (
					"$(inherited)",
					"@executable_path/../Frameworks",
				);
				MACOSX_DEPLOYMENT_TARGET = 10.13;
				PRODUCT_BUNDLE_IDENTIFIER = com.touchgram.ShapeScribble;
				PRODUCT_NAME = ShapeScribble;
				SDKROOT = macosx;
				SWIFT_VERSION = 4.2;
			};
			name = Debug;
		};
		42BCF74B20B542AC007A54B9 /* Release */ = {
			isa = XCBuildConfiguration;
			buildSettings = {
				ASSETCATALOG_COMPILER_APPICON_NAME = AppIcon;
				CODE_SIGN_IDENTITY = "-";
				CODE_SIGN_STYLE = Automatic;
				COMBINE_HIDPI_IMAGES = YES;
				DEVELOPMENT_TEAM = 534LVXBU55;
				INFOPLIST_FILE = "ShapeScribble macOS/Info.plist";
				LD_RUNPATH_SEARCH_PATHS = (
					"$(inherited)",
					"@executable_path/../Frameworks",
				);
				MACOSX_DEPLOYMENT_TARGET = 10.13;
				PRODUCT_BUNDLE_IDENTIFIER = com.touchgram.ShapeScribble;
				PRODUCT_NAME = ShapeScribble;
				SDKROOT = macosx;
				SWIFT_VERSION = 4.2;
			};
			name = Release;
		};
/* End XCBuildConfiguration section */

/* Begin XCConfigurationList section */
		42BCF71620B542AA007A54B9 /* Build configuration list for PBXProject "ShapeScribble" */ = {
			isa = XCConfigurationList;
			buildConfigurations = (
				42BCF74420B542AC007A54B9 /* Debug */,
				42BCF74520B542AC007A54B9 /* Release */,
			);
			defaultConfigurationIsVisible = 0;
			defaultConfigurationName = Release;
		};
		42BCF74620B542AC007A54B9 /* Build configuration list for PBXNativeTarget "ShapeScribble iOS" */ = {
			isa = XCConfigurationList;
			buildConfigurations = (
				42BCF74720B542AC007A54B9 /* Debug */,
				42BCF74820B542AC007A54B9 /* Release */,
			);
			defaultConfigurationIsVisible = 0;
			defaultConfigurationName = Release;
		};
		42BCF74920B542AC007A54B9 /* Build configuration list for PBXNativeTarget "ShapeScribble macOS" */ = {
			isa = XCConfigurationList;
			buildConfigurations = (
				42BCF74A20B542AC007A54B9 /* Debug */,
				42BCF74B20B542AC007A54B9 /* Release */,
			);
			defaultConfigurationIsVisible = 0;
			defaultConfigurationName = Release;
		};
/* End XCConfigurationList section */
	};
	rootObject = 42BCF71320B542AA007A54B9 /* Project object */;
}
