// !$*UTF8*$!
{
	archiveVersion = 1;
	classes = {
	};
	objectVersion = 50;
	objects = {

/* Begin PBXBuildFile section */
		42366A0025C262A20037C755 /* AppDelegate.swift in Sources */ = {isa = PBXBuildFile; fileRef = 423669FF25C262A20037C755 /* AppDelegate.swift */; };
		42366A0225C262A20037C755 /* GameScene.sks in Resources */ = {isa = PBXBuildFile; fileRef = 42366A0125C262A20037C755 /* GameScene.sks */; };
		42366A0425C262A20037C755 /* Actions.sks in Resources */ = {isa = PBXBuildFile; fileRef = 42366A0325C262A20037C755 /* Actions.sks */; };
		42366A0625C262A20037C755 /* GameScene.swift in Sources */ = {isa = PBXBuildFile; fileRef = 42366A0525C262A20037C755 /* GameScene.swift */; };
		42366A0825C262A20037C755 /* GameViewController.swift in Sources */ = {isa = PBXBuildFile; fileRef = 42366A0725C262A20037C755 /* GameViewController.swift */; };
		42366A0B25C262A20037C755 /* Main.storyboard in Resources */ = {isa = PBXBuildFile; fileRef = 42366A0925C262A20037C755 /* Main.storyboard */; };
		42366A0D25C262A40037C755 /* Assets.xcassets in Resources */ = {isa = PBXBuildFile; fileRef = 42366A0C25C262A40037C755 /* Assets.xcassets */; };
		42A77C9425C3DB8D00C61BD8 /* CGPoint_GeometryExtensions.swift in Sources */ = {isa = PBXBuildFile; fileRef = 42A77C9325C3DB8D00C61BD8 /* CGPoint_GeometryExtensions.swift */; };
		42A77C9725C3E02600C61BD8 /* ThrobbingHeart2D.fsh in Resources */ = {isa = PBXBuildFile; fileRef = 42A77C9625C3E02600C61BD8 /* ThrobbingHeart2D.fsh */; };
		42A77C9A25C3E72400C61BD8 /* ShaderKitExtensions.swift in Sources */ = {isa = PBXBuildFile; fileRef = 42A77C9925C3E72400C61BD8 /* ShaderKitExtensions.swift */; };
/* End PBXBuildFile section */

/* Begin PBXFileReference section */
		423669FC25C262A20037C755 /* ThrobsAndBobs.app */ = {isa = PBXFileReference; explicitFileType = wrapper.application; includeInIndex = 0; path = ThrobsAndBobs.app; sourceTree = BUILT_PRODUCTS_DIR; };
		423669FF25C262A20037C755 /* AppDelegate.swift */ = {isa = PBXFileReference; lastKnownFileType = sourcecode.swift; path = AppDelegate.swift; sourceTree = "<group>"; };
		42366A0125C262A20037C755 /* GameScene.sks */ = {isa = PBXFileReference; lastKnownFileType = file.sks; path = GameScene.sks; sourceTree = "<group>"; };
		42366A0325C262A20037C755 /* Actions.sks */ = {isa = PBXFileReference; lastKnownFileType = file.sks; path = Actions.sks; sourceTree = "<group>"; };
		42366A0525C262A20037C755 /* GameScene.swift */ = {isa = PBXFileReference; lastKnownFileType = sourcecode.swift; path = GameScene.swift; sourceTree = "<group>"; };
		42366A0725C262A20037C755 /* GameViewController.swift */ = {isa = PBXFileReference; lastKnownFileType = sourcecode.swift; path = GameViewController.swift; sourceTree = "<group>"; };
		42366A0A25C262A20037C755 /* Base */ = {isa = PBXFileReference; lastKnownFileType = file.storyboard; name = Base; path = Base.lproj/Main.storyboard; sourceTree = "<group>"; };
		42366A0C25C262A40037C755 /* Assets.xcassets */ = {isa = PBXFileReference; lastKnownFileType = folder.assetcatalog; path = Assets.xcassets; sourceTree = "<group>"; };
		42366A0E25C262A40037C755 /* Info.plist */ = {isa = PBXFileReference; lastKnownFileType = text.plist.xml; path = Info.plist; sourceTree = "<group>"; };
		42A77C9325C3DB8D00C61BD8 /* CGPoint_GeometryExtensions.swift */ = {isa = PBXFileReference; lastKnownFileType = sourcecode.swift; path = CGPoint_GeometryExtensions.swift; sourceTree = "<group>"; };
		42A77C9625C3E02600C61BD8 /* ThrobbingHeart2D.fsh */ = {isa = PBXFileReference; lastKnownFileType = sourcecode.glsl; path = ThrobbingHeart2D.fsh; sourceTree = "<group>"; };
		42A77C9925C3E72400C61BD8 /* ShaderKitExtensions.swift */ = {isa = PBXFileReference; fileEncoding = 4; lastKnownFileType = sourcecode.swift; path = ShaderKitExtensions.swift; sourceTree = "<group>"; };
/* End PBXFileReference section */

/* Begin PBXFrameworksBuildPhase section */
		423669F925C262A20037C755 /* Frameworks */ = {
			isa = PBXFrameworksBuildPhase;
			buildActionMask = 2147483647;
			files = (
			);
			runOnlyForDeploymentPostprocessing = 0;
		};
/* End PBXFrameworksBuildPhase section */

/* Begin PBXGroup section */
		423669F325C262A10037C755 = {
			isa = PBXGroup;
			children = (
				423669FE25C262A20037C755 /* ThrobsAndBobs */,
				423669FD25C262A20037C755 /* Products */,
			);
			sourceTree = "<group>";
		};
		423669FD25C262A20037C755 /* Products */ = {
			isa = PBXGroup;
			children = (
				423669FC25C262A20037C755 /* ThrobsAndBobs.app */,
			);
			name = Products;
			sourceTree = "<group>";
		};
		423669FE25C262A20037C755 /* ThrobsAndBobs */ = {
			isa = PBXGroup;
			children = (
				42A77C9925C3E72400C61BD8 /* ShaderKitExtensions.swift */,
				423669FF25C262A20037C755 /* AppDelegate.swift */,
				42366A0125C262A20037C755 /* GameScene.sks */,
				42366A0325C262A20037C755 /* Actions.sks */,
				42366A0525C262A20037C755 /* GameScene.swift */,
				42366A0725C262A20037C755 /* GameViewController.swift */,
				42366A0925C262A20037C755 /* Main.storyboard */,
				42366A0C25C262A40037C755 /* Assets.xcassets */,
				42366A0E25C262A40037C755 /* Info.plist */,
				42A77C9325C3DB8D00C61BD8 /* CGPoint_GeometryExtensions.swift */,
				42A77C9625C3E02600C61BD8 /* ThrobbingHeart2D.fsh */,
			);
			path = ThrobsAndBobs;
			sourceTree = "<group>";
		};
/* End PBXGroup section */

/* Begin PBXNativeTarget section */
		423669FB25C262A20037C755 /* ThrobsAndBobs */ = {
			isa = PBXNativeTarget;
			buildConfigurationList = 42366A1125C262A40037C755 /* Build configuration list for PBXNativeTarget "ThrobsAndBobs" */;
			buildPhases = (
				423669F825C262A20037C755 /* Sources */,
				423669F925C262A20037C755 /* Frameworks */,
				423669FA25C262A20037C755 /* Resources */,
			);
			buildRules = (
			);
			dependencies = (
			);
			name = ThrobsAndBobs;
			productName = ThrobsAndBobs;
			productReference = 423669FC25C262A20037C755 /* ThrobsAndBobs.app */;
			productType = "com.apple.product-type.application";
		};
/* End PBXNativeTarget section */

/* Begin PBXProject section */
		423669F425C262A10037C755 /* Project object */ = {
			isa = PBXProject;
			attributes = {
				LastSwiftUpdateCheck = 1230;
				LastUpgradeCheck = 1230;
				TargetAttributes = {
					423669FB25C262A20037C755 = {
						CreatedOnToolsVersion = 12.3;
					};
				};
			};
			buildConfigurationList = 423669F725C262A10037C755 /* Build configuration list for PBXProject "ThrobsAndBobs" */;
			compatibilityVersion = "Xcode 9.3";
			developmentRegion = en;
			hasScannedForEncodings = 0;
			knownRegions = (
				en,
				Base,
			);
			mainGroup = 423669F325C262A10037C755;
			productRefGroup = 423669FD25C262A20037C755 /* Products */;
			projectDirPath = "";
			projectRoot = "";
			targets = (
				423669FB25C262A20037C755 /* ThrobsAndBobs */,
			);
		};
/* End PBXProject section */

/* Begin PBXResourcesBuildPhase section */
		423669FA25C262A20037C755 /* Resources */ = {
			isa = PBXResourcesBuildPhase;
			buildActionMask = 2147483647;
			files = (
				42366A0B25C262A20037C755 /* Main.storyboard in Resources */,
				42366A0225C262A20037C755 /* GameScene.sks in Resources */,
				42A77C9725C3E02600C61BD8 /* ThrobbingHeart2D.fsh in Resources */,
				42366A0D25C262A40037C755 /* Assets.xcassets in Resources */,
				42366A0425C262A20037C755 /* Actions.sks in Resources */,
			);
			runOnlyForDeploymentPostprocessing = 0;
		};
/* End PBXResourcesBuildPhase section */

/* Begin PBXSourcesBuildPhase section */
		423669F825C262A20037C755 /* Sources */ = {
			isa = PBXSourcesBuildPhase;
			buildActionMask = 2147483647;
			files = (
				42A77C9A25C3E72400C61BD8 /* ShaderKitExtensions.swift in Sources */,
				42A77C9425C3DB8D00C61BD8 /* CGPoint_GeometryExtensions.swift in Sources */,
				42366A0625C262A20037C755 /* GameScene.swift in Sources */,
				42366A0825C262A20037C755 /* GameViewController.swift in Sources */,
				42366A0025C262A20037C755 /* AppDelegate.swift in Sources */,
			);
			runOnlyForDeploymentPostprocessing = 0;
		};
/* End PBXSourcesBuildPhase section */

/* Begin PBXVariantGroup section */
		42366A0925C262A20037C755 /* Main.storyboard */ = {
			isa = PBXVariantGroup;
			children = (
				42366A0A25C262A20037C755 /* Base */,
			);
			name = Main.storyboard;
			sourceTree = "<group>";
		};
/* End PBXVariantGroup section */

/* Begin XCBuildConfiguration section */
		42366A0F25C262A40037C755 /* Debug */ = {
			isa = XCBuildConfiguration;
			buildSettings = {
				ALWAYS_SEARCH_USER_PATHS = NO;
				CLANG_ANALYZER_NONNULL = YES;
				CLANG_ANALYZER_NUMBER_OBJECT_CONVERSION = YES_AGGRESSIVE;
				CLANG_CXX_LANGUAGE_STANDARD = "gnu++14";
				CLANG_CXX_LIBRARY = "libc++";
				CLANG_ENABLE_MODULES = YES;
				CLANG_ENABLE_OBJC_ARC = YES;
				CLANG_ENABLE_OBJC_WEAK = YES;
				CLANG_WARN_BLOCK_CAPTURE_AUTORELEASING = YES;
				CLANG_WARN_BOOL_CONVERSION = YES;
				CLANG_WARN_COMMA = YES;
				CLANG_WARN_CONSTANT_CONVERSION = YES;
				CLANG_WARN_DEPRECATED_OBJC_IMPLEMENTATIONS = YES;
				CLANG_WARN_DIRECT_OBJC_ISA_USAGE = YES_ERROR;
				CLANG_WARN_DOCUMENTATION_COMMENTS = YES;
				CLANG_WARN_EMPTY_BODY = YES;
				CLANG_WARN_ENUM_CONVERSION = YES;
				CLANG_WARN_INFINITE_RECURSION = YES;
				CLANG_WARN_INT_CONVERSION = YES;
				CLANG_WARN_NON_LITERAL_NULL_CONVERSION = YES;
				CLANG_WARN_OBJC_IMPLICIT_RETAIN_SELF = YES;
				CLANG_WARN_OBJC_LITERAL_CONVERSION = YES;
				CLANG_WARN_OBJC_ROOT_CLASS = YES_ERROR;
				CLANG_WARN_QUOTED_INCLUDE_IN_FRAMEWORK_HEADER = YES;
				CLANG_WARN_RANGE_LOOP_ANALYSIS = YES;
				CLANG_WARN_STRICT_PROTOTYPES = YES;
				CLANG_WARN_SUSPICIOUS_MOVE = YES;
				CLANG_WARN_UNGUARDED_AVAILABILITY = YES_AGGRESSIVE;
				CLANG_WARN_UNREACHABLE_CODE = YES;
				CLANG_WARN__DUPLICATE_METHOD_MATCH = YES;
				COPY_PHASE_STRIP = NO;
				DEBUG_INFORMATION_FORMAT = dwarf;
				ENABLE_STRICT_OBJC_MSGSEND = YES;
				ENABLE_TESTABILITY = YES;
				GCC_C_LANGUAGE_STANDARD = gnu11;
				GCC_DYNAMIC_NO_PIC = NO;
				GCC_NO_COMMON_BLOCKS = YES;
				GCC_OPTIMIZATION_LEVEL = 0;
				GCC_PREPROCESSOR_DEFINITIONS = (
					"DEBUG=1",
					"$(inherited)",
				);
				GCC_WARN_64_TO_32_BIT_CONVERSION = YES;
				GCC_WARN_ABOUT_RETURN_TYPE = YES_ERROR;
				GCC_WARN_UNDECLARED_SELECTOR = YES;
				GCC_WARN_UNINITIALIZED_AUTOS = YES_AGGRESSIVE;
				GCC_WARN_UNUSED_FUNCTION = YES;
				GCC_WARN_UNUSED_VARIABLE = YES;
				IPHONEOS_DEPLOYMENT_TARGET = 14.3;
				MTL_ENABLE_DEBUG_INFO = INCLUDE_SOURCE;
				MTL_FAST_MATH = YES;
				ONLY_ACTIVE_ARCH = YES;
				SDKROOT = iphoneos;
				SWIFT_ACTIVE_COMPILATION_CONDITIONS = DEBUG;
				SWIFT_OPTIMIZATION_LEVEL = "-Onone";
			};
			name = Debug;
		};
		42366A1025C262A40037C755 /* Release */ = {
			isa = XCBuildConfiguration;
			buildSettings = {
				ALWAYS_SEARCH_USER_PATHS = NO;
				CLANG_ANALYZER_NONNULL = YES;
				CLANG_ANALYZER_NUMBER_OBJECT_CONVERSION = YES_AGGRESSIVE;
				CLANG_CXX_LANGUAGE_STANDARD = "gnu++14";
				CLANG_CXX_LIBRARY = "libc++";
				CLANG_ENABLE_MODULES = YES;
				CLANG_ENABLE_OBJC_ARC = YES;
				CLANG_ENABLE_OBJC_WEAK = YES;
				CLANG_WARN_BLOCK_CAPTURE_AUTORELEASING = YES;
				CLANG_WARN_BOOL_CONVERSION = YES;
				CLANG_WARN_COMMA = YES;
				CLANG_WARN_CONSTANT_CONVERSION = YES;
				CLANG_WARN_DEPRECATED_OBJC_IMPLEMENTATIONS = YES;
				CLANG_WARN_DIRECT_OBJC_ISA_USAGE = YES_ERROR;
				CLANG_WARN_DOCUMENTATION_COMMENTS = YES;
				CLANG_WARN_EMPTY_BODY = YES;
				CLANG_WARN_ENUM_CONVERSION = YES;
				CLANG_WARN_INFINITE_RECURSION = YES;
				CLANG_WARN_INT_CONVERSION = YES;
				CLANG_WARN_NON_LITERAL_NULL_CONVERSION = YES;
				CLANG_WARN_OBJC_IMPLICIT_RETAIN_SELF = YES;
				CLANG_WARN_OBJC_LITERAL_CONVERSION = YES;
				CLANG_WARN_OBJC_ROOT_CLASS = YES_ERROR;
				CLANG_WARN_QUOTED_INCLUDE_IN_FRAMEWORK_HEADER = YES;
				CLANG_WARN_RANGE_LOOP_ANALYSIS = YES;
				CLANG_WARN_STRICT_PROTOTYPES = YES;
				CLANG_WARN_SUSPICIOUS_MOVE = YES;
				CLANG_WARN_UNGUARDED_AVAILABILITY = YES_AGGRESSIVE;
				CLANG_WARN_UNREACHABLE_CODE = YES;
				CLANG_WARN__DUPLICATE_METHOD_MATCH = YES;
				COPY_PHASE_STRIP = NO;
				DEBUG_INFORMATION_FORMAT = "dwarf-with-dsym";
				ENABLE_NS_ASSERTIONS = NO;
				ENABLE_STRICT_OBJC_MSGSEND = YES;
				GCC_C_LANGUAGE_STANDARD = gnu11;
				GCC_NO_COMMON_BLOCKS = YES;
				GCC_WARN_64_TO_32_BIT_CONVERSION = YES;
				GCC_WARN_ABOUT_RETURN_TYPE = YES_ERROR;
				GCC_WARN_UNDECLARED_SELECTOR = YES;
				GCC_WARN_UNINITIALIZED_AUTOS = YES_AGGRESSIVE;
				GCC_WARN_UNUSED_FUNCTION = YES;
				GCC_WARN_UNUSED_VARIABLE = YES;
				IPHONEOS_DEPLOYMENT_TARGET = 14.3;
				MTL_ENABLE_DEBUG_INFO = NO;
				MTL_FAST_MATH = YES;
				SDKROOT = iphoneos;
				SWIFT_COMPILATION_MODE = wholemodule;
				SWIFT_OPTIMIZATION_LEVEL = "-O";
				VALIDATE_PRODUCT = YES;
			};
			name = Release;
		};
		42366A1225C262A40037C755 /* Debug */ = {
			isa = XCBuildConfiguration;
			buildSettings = {
				ASSETCATALOG_COMPILER_APPICON_NAME = AppIcon;
				ASSETCATALOG_COMPILER_GLOBAL_ACCENT_COLOR_NAME = AccentColor;
				CODE_SIGN_STYLE = Automatic;
				DEVELOPMENT_TEAM = 534LVXBU55;
				INFOPLIST_FILE = ThrobsAndBobs/Info.plist;
				LD_RUNPATH_SEARCH_PATHS = (
					"$(inherited)",
					"@executable_path/Frameworks",
				);
				PRODUCT_BUNDLE_IDENTIFIER = test.touchgram.ThrobsAndBobs;
				PRODUCT_NAME = "$(TARGET_NAME)";
				SWIFT_VERSION = 5.0;
				TARGETED_DEVICE_FAMILY = "1,2";
			};
			name = Debug;
		};
		42366A1325C262A40037C755 /* Release */ = {
			isa = XCBuildConfiguration;
			buildSettings = {
				ASSETCATALOG_COMPILER_APPICON_NAME = AppIcon;
				ASSETCATALOG_COMPILER_GLOBAL_ACCENT_COLOR_NAME = AccentColor;
				CODE_SIGN_STYLE = Automatic;
				DEVELOPMENT_TEAM = 534LVXBU55;
				INFOPLIST_FILE = ThrobsAndBobs/Info.plist;
				LD_RUNPATH_SEARCH_PATHS = (
					"$(inherited)",
					"@executable_path/Frameworks",
				);
				PRODUCT_BUNDLE_IDENTIFIER = test.touchgram.ThrobsAndBobs;
				PRODUCT_NAME = "$(TARGET_NAME)";
				SWIFT_VERSION = 5.0;
				TARGETED_DEVICE_FAMILY = "1,2";
			};
			name = Release;
		};
/* End XCBuildConfiguration section */

/* Begin XCConfigurationList section */
		423669F725C262A10037C755 /* Build configuration list for PBXProject "ThrobsAndBobs" */ = {
			isa = XCConfigurationList;
			buildConfigurations = (
				42366A0F25C262A40037C755 /* Debug */,
				42366A1025C262A40037C755 /* Release */,
			);
			defaultConfigurationIsVisible = 0;
			defaultConfigurationName = Release;
		};
		42366A1125C262A40037C755 /* Build configuration list for PBXNativeTarget "ThrobsAndBobs" */ = {
			isa = XCConfigurationList;
			buildConfigurations = (
				42366A1225C262A40037C755 /* Debug */,
				42366A1325C262A40037C755 /* Release */,
			);
			defaultConfigurationIsVisible = 0;
			defaultConfigurationName = Release;
		};
/* End XCConfigurationList section */
	};
	rootObject = 423669F425C262A10037C755 /* Project object */;
}
